{
  "nodes": {
    "nixpkgs": {
      "locked": {
        "lastModified": 1726583932,
        "narHash": "sha256-zACxiQx8knB3F8+Ze+1BpiYrI+CbhxyWpcSID9kVhkQ=",
        "owner": "NixOS",
        "repo": "nixpkgs",
        "rev": "658e7223191d2598641d50ee4e898126768fe847",
        "type": "github"
      },
      "original": {
        "owner": "NixOS",
        "ref": "nixpkgs-unstable",
        "repo": "nixpkgs",
        "type": "github"
      }
    },
    "root": {
      "inputs": {
        "nixpkgs": "nixpkgs",
        "tailscale": "tailscale"
      }
    },
    "tailscale": {
      "flake": false,
      "locked": {
        "lastModified": 1739025941,
        "narHash": "sha256-ySxjsXj8VEGXj+XNzXyi46bCe4H/FkFIduQFg6grJWw=",
        "owner": "tailscale",
        "repo": "tailscale",
        "rev": "532e38bdc82cd61d0e72cdca89093fd92baa1db2",
        "type": "github"
      },
      "original": {
        "owner": "tailscale",
        "repo": "tailscale",
        "type": "github"
      }
    }
  },
  "root": "root",
  "version": 7
}
